// !$*UTF8*$!
{
	archiveVersion = 1;
	classes = {
	};
	objectVersion = 46;
	objects = {

/* Begin PBXBuildFile section */
		EE0BBB9B1E86B46300482664 /* Assets.xcassets in Resources */ = {isa = PBXBuildFile; fileRef = EE0BBB9A1E86B46300482664 /* Assets.xcassets */; };
		EE0BBBA21E86B46300482664 /* MessagesExtension.appex in Embed App Extensions */ = {isa = PBXBuildFile; fileRef = EE0BBBA11E86B46300482664 /* MessagesExtension.appex */; settings = {ATTRIBUTES = (RemoveHeadersOnCopy, ); }; };
		EE0BBBA71E86B46300482664 /* Messages.framework in Frameworks */ = {isa = PBXBuildFile; fileRef = EE0BBBA61E86B46300482664 /* Messages.framework */; };
		EE0BBBAA1E86B46300482664 /* MessagesViewController.swift in Sources */ = {isa = PBXBuildFile; fileRef = EE0BBBA91E86B46300482664 /* MessagesViewController.swift */; };
		EE0BBBAD1E86B46300482664 /* MainInterface.storyboard in Resources */ = {isa = PBXBuildFile; fileRef = EE0BBBAB1E86B46300482664 /* MainInterface.storyboard */; };
		EE0BBBAF1E86B46300482664 /* Assets.xcassets in Resources */ = {isa = PBXBuildFile; fileRef = EE0BBBAE1E86B46300482664 /* Assets.xcassets */; };
/* End PBXBuildFile section */

/* Begin PBXContainerItemProxy section */
		EE0BBBA31E86B46300482664 /* PBXContainerItemProxy */ = {
			isa = PBXContainerItemProxy;
			containerPortal = EE0BBB911E86B46300482664 /* Project object */;
			proxyType = 1;
			remoteGlobalIDString = EE0BBBA01E86B46300482664;
			remoteInfo = MessagesExtension;
		};
/* End PBXContainerItemProxy section */

/* Begin PBXCopyFilesBuildPhase section */
		EE0BBBB61E86B46300482664 /* Embed App Extensions */ = {
			isa = PBXCopyFilesBuildPhase;
			buildActionMask = 2147483647;
			dstPath = "";
			dstSubfolderSpec = 13;
			files = (
				EE0BBBA21E86B46300482664 /* MessagesExtension.appex in Embed App Extensions */,
			);
			name = "Embed App Extensions";
			runOnlyForDeploymentPostprocessing = 0;
		};
/* End PBXCopyFilesBuildPhase section */

/* Begin PBXFileReference section */
		EE0BBB971E86B46300482664 /* FoodStickers.app */ = {isa = PBXFileReference; explicitFileType = wrapper.application; includeInIndex = 0; path = FoodStickers.app; sourceTree = BUILT_PRODUCTS_DIR; };
		EE0BBB9A1E86B46300482664 /* Assets.xcassets */ = {isa = PBXFileReference; lastKnownFileType = folder.assetcatalog; path = Assets.xcassets; sourceTree = "<group>"; };
		EE0BBB9C1E86B46300482664 /* Info.plist */ = {isa = PBXFileReference; lastKnownFileType = text.plist.xml; path = Info.plist; sourceTree = "<group>"; };
		EE0BBBA11E86B46300482664 /* MessagesExtension.appex */ = {isa = PBXFileReference; explicitFileType = "wrapper.app-extension"; includeInIndex = 0; path = MessagesExtension.appex; sourceTree = BUILT_PRODUCTS_DIR; };
		EE0BBBA61E86B46300482664 /* Messages.framework */ = {isa = PBXFileReference; lastKnownFileType = wrapper.framework; name = Messages.framework; path = System/Library/Frameworks/Messages.framework; sourceTree = SDKROOT; };
		EE0BBBA91E86B46300482664 /* MessagesViewController.swift */ = {isa = PBXFileReference; lastKnownFileType = sourcecode.swift; path = MessagesViewController.swift; sourceTree = "<group>"; };
		EE0BBBAC1E86B46300482664 /* Base */ = {isa = PBXFileReference; lastKnownFileType = file.storyboard; name = Base; path = Base.lproj/MainInterface.storyboard; sourceTree = "<group>"; };
		EE0BBBAE1E86B46300482664 /* Assets.xcassets */ = {isa = PBXFileReference; lastKnownFileType = folder.assetcatalog; path = Assets.xcassets; sourceTree = "<group>"; };
		EE0BBBB01E86B46300482664 /* Info.plist */ = {isa = PBXFileReference; lastKnownFileType = text.plist.xml; path = Info.plist; sourceTree = "<group>"; };
/* End PBXFileReference section */

/* Begin PBXFrameworksBuildPhase section */
		EE0BBB9E1E86B46300482664 /* Frameworks */ = {
			isa = PBXFrameworksBuildPhase;
			buildActionMask = 2147483647;
			files = (
				EE0BBBA71E86B46300482664 /* Messages.framework in Frameworks */,
			);
			runOnlyForDeploymentPostprocessing = 0;
		};
/* End PBXFrameworksBuildPhase section */

/* Begin PBXGroup section */
		EE0BBB901E86B46300482664 = {
			isa = PBXGroup;
			children = (
				EE0BBB991E86B46300482664 /* FoodStickers */,
				EE0BBBA81E86B46300482664 /* MessagesExtension */,
				EE0BBBA51E86B46300482664 /* Frameworks */,
				EE0BBB981E86B46300482664 /* Products */,
			);
			sourceTree = "<group>";
		};
		EE0BBB981E86B46300482664 /* Products */ = {
			isa = PBXGroup;
			children = (
				EE0BBB971E86B46300482664 /* FoodStickers.app */,
				EE0BBBA11E86B46300482664 /* MessagesExtension.appex */,
			);
			name = Products;
			sourceTree = "<group>";
		};
		EE0BBB991E86B46300482664 /* FoodStickers */ = {
			isa = PBXGroup;
			children = (
				EE0BBB9A1E86B46300482664 /* Assets.xcassets */,
				EE0BBB9C1E86B46300482664 /* Info.plist */,
			);
			path = FoodStickers;
			sourceTree = "<group>";
		};
		EE0BBBA51E86B46300482664 /* Frameworks */ = {
			isa = PBXGroup;
			children = (
				EE0BBBA61E86B46300482664 /* Messages.framework */,
			);
			name = Frameworks;
			sourceTree = "<group>";
		};
		EE0BBBA81E86B46300482664 /* MessagesExtension */ = {
			isa = PBXGroup;
			children = (
				EE0BBBA91E86B46300482664 /* MessagesViewController.swift */,
				EE0BBBAB1E86B46300482664 /* MainInterface.storyboard */,
				EE0BBBAE1E86B46300482664 /* Assets.xcassets */,
				EE0BBBB01E86B46300482664 /* Info.plist */,
			);
			path = MessagesExtension;
			sourceTree = "<group>";
		};
/* End PBXGroup section */

/* Begin PBXNativeTarget section */
		EE0BBB961E86B46300482664 /* FoodStickers */ = {
			isa = PBXNativeTarget;
			buildConfigurationList = EE0BBBB71E86B46300482664 /* Build configuration list for PBXNativeTarget "FoodStickers" */;
			buildPhases = (
				EE0BBB951E86B46300482664 /* Resources */,
				EE0BBBB61E86B46300482664 /* Embed App Extensions */,
			);
			buildRules = (
			);
			dependencies = (
				EE0BBBA41E86B46300482664 /* PBXTargetDependency */,
			);
			name = FoodStickers;
			productName = FoodStickers;
			productReference = EE0BBB971E86B46300482664 /* FoodStickers.app */;
			productType = "com.apple.product-type.application.messages";
		};
		EE0BBBA01E86B46300482664 /* MessagesExtension */ = {
			isa = PBXNativeTarget;
			buildConfigurationList = EE0BBBB31E86B46300482664 /* Build configuration list for PBXNativeTarget "MessagesExtension" */;
			buildPhases = (
				EE0BBB9D1E86B46300482664 /* Sources */,
				EE0BBB9E1E86B46300482664 /* Frameworks */,
				EE0BBB9F1E86B46300482664 /* Resources */,
			);
			buildRules = (
			);
			dependencies = (
			);
			name = MessagesExtension;
			productName = MessagesExtension;
			productReference = EE0BBBA11E86B46300482664 /* MessagesExtension.appex */;
			productType = "com.apple.product-type.app-extension.messages";
		};
/* End PBXNativeTarget section */

/* Begin PBXProject section */
		EE0BBB911E86B46300482664 /* Project object */ = {
			isa = PBXProject;
			attributes = {
				LastSwiftUpdateCheck = 0820;
				LastUpgradeCheck = 0820;
				ORGANIZATIONNAME = foodstickers;
				TargetAttributes = {
					EE0BBB961E86B46300482664 = {
						CreatedOnToolsVersion = 8.2.1;
						ProvisioningStyle = Automatic;
					};
					EE0BBBA01E86B46300482664 = {
						CreatedOnToolsVersion = 8.2.1;
						ProvisioningStyle = Automatic;
					};
				};
			};
			buildConfigurationList = EE0BBB941E86B46300482664 /* Build configuration list for PBXProject "FoodStickers" */;
			compatibilityVersion = "Xcode 3.2";
			developmentRegion = English;
			hasScannedForEncodings = 0;
			knownRegions = (
				en,
				Base,
			);
			mainGroup = EE0BBB901E86B46300482664;
			productRefGroup = EE0BBB981E86B46300482664 /* Products */;
			projectDirPath = "";
			projectRoot = "";
			targets = (
				EE0BBB961E86B46300482664 /* FoodStickers */,
				EE0BBBA01E86B46300482664 /* MessagesExtension */,
			);
		};
/* End PBXProject section */

/* Begin PBXResourcesBuildPhase section */
		EE0BBB951E86B46300482664 /* Resources */ = {
			isa = PBXResourcesBuildPhase;
			buildActionMask = 2147483647;
			files = (
				EE0BBB9B1E86B46300482664 /* Assets.xcassets in Resources */,
			);
			runOnlyForDeploymentPostprocessing = 0;
		};
		EE0BBB9F1E86B46300482664 /* Resources */ = {
			isa = PBXResourcesBuildPhase;
			buildActionMask = 2147483647;
			files = (
				EE0BBBAF1E86B46300482664 /* Assets.xcassets in Resources */,
				EE0BBBAD1E86B46300482664 /* MainInterface.storyboard in Resources */,
			);
			runOnlyForDeploymentPostprocessing = 0;
		};
/* End PBXResourcesBuildPhase section */

/* Begin PBXSourcesBuildPhase section */
		EE0BBB9D1E86B46300482664 /* Sources */ = {
			isa = PBXSourcesBuildPhase;
			buildActionMask = 2147483647;
			files = (
				EE0BBBAA1E86B46300482664 /* MessagesViewController.swift in Sources */,
			);
			runOnlyForDeploymentPostprocessing = 0;
		};
/* End PBXSourcesBuildPhase section */

/* Begin PBXTargetDependency section */
		EE0BBBA41E86B46300482664 /* PBXTargetDependency */ = {
			isa = PBXTargetDependency;
			target = EE0BBBA01E86B46300482664 /* MessagesExtension */;
			targetProxy = EE0BBBA31E86B46300482664 /* PBXContainerItemProxy */;
		};
/* End PBXTargetDependency section */

/* Begin PBXVariantGroup section */
		EE0BBBAB1E86B46300482664 /* MainInterface.storyboard */ = {
			isa = PBXVariantGroup;
			children = (
				EE0BBBAC1E86B46300482664 /* Base */,
			);
			name = MainInterface.storyboard;
			sourceTree = "<group>";
		};
/* End PBXVariantGroup section */

/* Begin XCBuildConfiguration section */
		EE0BBBB11E86B46300482664 /* Debug */ = {
			isa = XCBuildConfiguration;
			buildSettings = {
				ALWAYS_SEARCH_USER_PATHS = NO;
				CLANG_ANALYZER_NONNULL = YES;
				CLANG_CXX_LANGUAGE_STANDARD = "gnu++0x";
				CLANG_CXX_LIBRARY = "libc++";
				CLANG_ENABLE_MODULES = YES;
				CLANG_ENABLE_OBJC_ARC = YES;
				CLANG_WARN_BOOL_CONVERSION = YES;
				CLANG_WARN_CONSTANT_CONVERSION = YES;
				CLANG_WARN_DIRECT_OBJC_ISA_USAGE = YES_ERROR;
				CLANG_WARN_DOCUMENTATION_COMMENTS = YES;
				CLANG_WARN_EMPTY_BODY = YES;
				CLANG_WARN_ENUM_CONVERSION = YES;
				CLANG_WARN_INFINITE_RECURSION = YES;
				CLANG_WARN_INT_CONVERSION = YES;
				CLANG_WARN_OBJC_ROOT_CLASS = YES_ERROR;
				CLANG_WARN_SUSPICIOUS_MOVE = YES;
				CLANG_WARN_UNREACHABLE_CODE = YES;
				CLANG_WARN__DUPLICATE_METHOD_MATCH = YES;
				"CODE_SIGN_IDENTITY[sdk=iphoneos*]" = "iPhone Developer";
				COPY_PHASE_STRIP = NO;
				DEBUG_INFORMATION_FORMAT = dwarf;
				ENABLE_STRICT_OBJC_MSGSEND = YES;
				ENABLE_TESTABILITY = YES;
				GCC_C_LANGUAGE_STANDARD = gnu99;
				GCC_DYNAMIC_NO_PIC = NO;
				GCC_NO_COMMON_BLOCKS = YES;
				GCC_OPTIMIZATION_LEVEL = 0;
				GCC_PREPROCESSOR_DEFINITIONS = (
					"DEBUG=1",
					"$(inherited)",
				);
				GCC_WARN_64_TO_32_BIT_CONVERSION = YES;
				GCC_WARN_ABOUT_RETURN_TYPE = YES_ERROR;
				GCC_WARN_UNDECLARED_SELECTOR = YES;
				GCC_WARN_UNINITIALIZED_AUTOS = YES_AGGRESSIVE;
				GCC_WARN_UNUSED_FUNCTION = YES;
				GCC_WARN_UNUSED_VARIABLE = YES;
				IPHONEOS_DEPLOYMENT_TARGET = 10.2;
				MTL_ENABLE_DEBUG_INFO = YES;
				ONLY_ACTIVE_ARCH = YES;
				SDKROOT = iphoneos;
				SWIFT_ACTIVE_COMPILATION_CONDITIONS = DEBUG;
				SWIFT_OPTIMIZATION_LEVEL = "-Onone";
				TARGETED_DEVICE_FAMILY = "1,2";
			};
			name = Debug;
		};
		EE0BBBB21E86B46300482664 /* Release */ = {
			isa = XCBuildConfiguration;
			buildSettings = {
				ALWAYS_SEARCH_USER_PATHS = NO;
				CLANG_ANALYZER_NONNULL = YES;
				CLANG_CXX_LANGUAGE_STANDARD = "gnu++0x";
				CLANG_CXX_LIBRARY = "libc++";
				CLANG_ENABLE_MODULES = YES;
				CLANG_ENABLE_OBJC_ARC = YES;
				CLANG_WARN_BOOL_CONVERSION = YES;
				CLANG_WARN_CONSTANT_CONVERSION = YES;
				CLANG_WARN_DIRECT_OBJC_ISA_USAGE = YES_ERROR;
				CLANG_WARN_DOCUMENTATION_COMMENTS = YES;
				CLANG_WARN_EMPTY_BODY = YES;
				CLANG_WARN_ENUM_CONVERSION = YES;
				CLANG_WARN_INFINITE_RECURSION = YES;
				CLANG_WARN_INT_CONVERSION = YES;
				CLANG_WARN_OBJC_ROOT_CLASS = YES_ERROR;
				CLANG_WARN_SUSPICIOUS_MOVE = YES;
				CLANG_WARN_UNREACHABLE_CODE = YES;
				CLANG_WARN__DUPLICATE_METHOD_MATCH = YES;
				"CODE_SIGN_IDENTITY[sdk=iphoneos*]" = "iPhone Developer";
				COPY_PHASE_STRIP = NO;
				DEBUG_INFORMATION_FORMAT = "dwarf-with-dsym";
				ENABLE_NS_ASSERTIONS = NO;
				ENABLE_STRICT_OBJC_MSGSEND = YES;
				GCC_C_LANGUAGE_STANDARD = gnu99;
				GCC_NO_COMMON_BLOCKS = YES;
				GCC_WARN_64_TO_32_BIT_CONVERSION = YES;
				GCC_WARN_ABOUT_RETURN_TYPE = YES_ERROR;
				GCC_WARN_UNDECLARED_SELECTOR = YES;
				GCC_WARN_UNINITIALIZED_AUTOS = YES_AGGRESSIVE;
				GCC_WARN_UNUSED_FUNCTION = YES;
				GCC_WARN_UNUSED_VARIABLE = YES;
				IPHONEOS_DEPLOYMENT_TARGET = 10.2;
				MTL_ENABLE_DEBUG_INFO = NO;
				SDKROOT = iphoneos;
				SWIFT_OPTIMIZATION_LEVEL = "-Owholemodule";
				TARGETED_DEVICE_FAMILY = "1,2";
				VALIDATE_PRODUCT = YES;
			};
			name = Release;
		};
		EE0BBBB41E86B46300482664 /* Debug */ = {
			isa = XCBuildConfiguration;
			buildSettings = {
				ASSETCATALOG_COMPILER_APPICON_NAME = "iMessage App Icon";
				INFOPLIST_FILE = MessagesExtension/Info.plist;
				LD_RUNPATH_SEARCH_PATHS = "$(inherited) @executable_path/Frameworks @executable_path/../../Frameworks";
				PRODUCT_BUNDLE_IDENTIFIER = "com.-foodstickers.FoodStickers.MessagesExtension";
				PRODUCT_NAME = "$(TARGET_NAME)";
				SKIP_INSTALL = YES;
				SWIFT_VERSION = 3.0;
			};
			name = Debug;
		};
		EE0BBBB51E86B46300482664 /* Release */ = {
			isa = XCBuildConfiguration;
			buildSettings = {
				ASSETCATALOG_COMPILER_APPICON_NAME = "iMessage App Icon";
				INFOPLIST_FILE = MessagesExtension/Info.plist;
				LD_RUNPATH_SEARCH_PATHS = "$(inherited) @executable_path/Frameworks @executable_path/../../Frameworks";
				PRODUCT_BUNDLE_IDENTIFIER = "com.-foodstickers.FoodStickers.MessagesExtension";
				PRODUCT_NAME = "$(TARGET_NAME)";
				SKIP_INSTALL = YES;
				SWIFT_VERSION = 3.0;
			};
			name = Release;
		};
		EE0BBBB81E86B46300482664 /* Debug */ = {
			isa = XCBuildConfiguration;
			buildSettings = {
				ALWAYS_EMBED_SWIFT_STANDARD_LIBRARIES = YES;
				ASSETCATALOG_COMPILER_APPICON_NAME = AppIcon;
				INFOPLIST_FILE = FoodStickers/Info.plist;
				PRODUCT_BUNDLE_IDENTIFIER = "com.-foodstickers.FoodStickers";
				PRODUCT_NAME = "$(TARGET_NAME)";
				SWIFT_VERSION = 3.0;
			};
			name = Debug;
		};
		EE0BBBB91E86B46300482664 /* Release */ = {
			isa = XCBuildConfiguration;
			buildSettings = {
				ALWAYS_EMBED_SWIFT_STANDARD_LIBRARIES = YES;
				ASSETCATALOG_COMPILER_APPICON_NAME = AppIcon;
				INFOPLIST_FILE = FoodStickers/Info.plist;
				PRODUCT_BUNDLE_IDENTIFIER = "com.-foodstickers.FoodStickers";
				PRODUCT_NAME = "$(TARGET_NAME)";
				SWIFT_VERSION = 3.0;
			};
			name = Release;
		};
/* End XCBuildConfiguration section */

/* Begin XCConfigurationList section */
		EE0BBB941E86B46300482664 /* Build configuration list for PBXProject "FoodStickers" */ = {
			isa = XCConfigurationList;
			buildConfigurations = (
				EE0BBBB11E86B46300482664 /* Debug */,
				EE0BBBB21E86B46300482664 /* Release */,
			);
			defaultConfigurationIsVisible = 0;
			defaultConfigurationName = Release;
		};
		EE0BBBB31E86B46300482664 /* Build configuration list for PBXNativeTarget "MessagesExtension" */ = {
			isa = XCConfigurationList;
			buildConfigurations = (
				EE0BBBB41E86B46300482664 /* Debug */,
				EE0BBBB51E86B46300482664 /* Release */,
			);
			defaultConfigurationIsVisible = 0;
		};
		EE0BBBB71E86B46300482664 /* Build configuration list for PBXNativeTarget "FoodStickers" */ = {
			isa = XCConfigurationList;
			buildConfigurations = (
				EE0BBBB81E86B46300482664 /* Debug */,
				EE0BBBB91E86B46300482664 /* Release */,
			);
			defaultConfigurationIsVisible = 0;
		};
/* End XCConfigurationList section */
	};
	rootObject = EE0BBB911E86B46300482664 /* Project object */;
}
